
Microsoft Visual Studio Solution File, Format Version 12.00
# Visual Studio 15
VisualStudioVersion = 15.0.28307.539
MinimumVisualStudioVersion = 10.0.40219.1
Project("{FAE04EC0-301F-11D3-BF4B-00C04F79EFBC}") = "GithubMobileApp.Android", "GithubMobileApp\GithubMobileApp.Android\GithubMobileApp.Android.csproj", "{386E75D9-6D87-48CF-A1C2-990FB0F2CB2C}"
EndProject
Project("{FAE04EC0-301F-11D3-BF4B-00C04F79EFBC}") = "GithubMobileApp.iOS", "GithubMobileApp\GithubMobileApp.iOS\GithubMobileApp.iOS.csproj", "{D6EA998F-0933-4CE7-9C76-D1A4AAE0C273}"
EndProject
Project("{FAE04EC0-301F-11D3-BF4B-00C04F79EFBC}") = "GithubMobileApp", "GithubMobileApp\GithubMobileApp\GithubMobileApp.csproj", "{7799B961-14A8-4808-AC38-A2A83883CEC3}"
EndProject
Global
	GlobalSection(SolutionConfigurationPlatforms) = preSolution
		Ad-Hoc|Any CPU = Ad-Hoc|Any CPU
		Ad-Hoc|iPhone = Ad-Hoc|iPhone
		Ad-Hoc|iPhoneSimulator = Ad-Hoc|iPhoneSimulator
		AppStore|Any CPU = AppStore|Any CPU
		AppStore|iPhone = AppStore|iPhone
		AppStore|iPhoneSimulator = AppStore|iPhoneSimulator
		Debug|Any CPU = Debug|Any CPU
		Debug|iPhone = Debug|iPhone
		Debug|iPhoneSimulator = Debug|iPhoneSimulator
		Release|Any CPU = Release|Any CPU
		Release|iPhone = Release|iPhone
		Release|iPhoneSimulator = Release|iPhoneSimulator
	EndGlobalSection
	GlobalSection(ProjectConfigurationPlatforms) = postSolution
		{386E75D9-6D87-48CF-A1C2-990FB0F2CB2C}.Ad-Hoc|Any CPU.ActiveCfg = Release|Any CPU
		{386E75D9-6D87-48CF-A1C2-990FB0F2CB2C}.Ad-Hoc|Any CPU.Build.0 = Release|Any CPU
		{386E75D9-6D87-48CF-A1C2-990FB0F2CB2C}.Ad-Hoc|Any CPU.Deploy.0 = Release|Any CPU
		{386E75D9-6D87-48CF-A1C2-990FB0F2CB2C}.Ad-Hoc|iPhone.ActiveCfg = Release|Any CPU
		{386E75D9-6D87-48CF-A1C2-990FB0F2CB2C}.Ad-Hoc|iPhone.Build.0 = Release|Any CPU
		{386E75D9-6D87-48CF-A1C2-990FB0F2CB2C}.Ad-Hoc|iPhone.Deploy.0 = Release|Any CPU
		{386E75D9-6D87-48CF-A1C2-990FB0F2CB2C}.Ad-Hoc|iPhoneSimulator.ActiveCfg = Release|Any CPU
		{386E75D9-6D87-48CF-A1C2-990FB0F2CB2C}.Ad-Hoc|iPhoneSimulator.Build.0 = Release|Any CPU
		{386E75D9-6D87-48CF-A1C2-990FB0F2CB2C}.Ad-Hoc|iPhoneSimulator.Deploy.0 = Release|Any CPU
		{386E75D9-6D87-48CF-A1C2-990FB0F2CB2C}.AppStore|Any CPU.ActiveCfg = Release|Any CPU
		{386E75D9-6D87-48CF-A1C2-990FB0F2CB2C}.AppStore|Any CPU.Build.0 = Release|Any CPU
		{386E75D9-6D87-48CF-A1C2-990FB0F2CB2C}.AppStore|Any CPU.Deploy.0 = Release|Any CPU
		{386E75D9-6D87-48CF-A1C2-990FB0F2CB2C}.AppStore|iPhone.ActiveCfg = Release|Any CPU
		{386E75D9-6D87-48CF-A1C2-990FB0F2CB2C}.AppStore|iPhone.Build.0 = Release|Any CPU
		{386E75D9-6D87-48CF-A1C2-990FB0F2CB2C}.AppStore|iPhone.Deploy.0 = Release|Any CPU
		{386E75D9-6D87-48CF-A1C2-990FB0F2CB2C}.AppStore|iPhoneSimulator.ActiveCfg = Release|Any CPU
		{386E75D9-6D87-48CF-A1C2-990FB0F2CB2C}.AppStore|iPhoneSimulator.Build.0 = Release|Any CPU
		{386E75D9-6D87-48CF-A1C2-990FB0F2CB2C}.AppStore|iPhoneSimulator.Deploy.0 = Release|Any CPU
		{386E75D9-6D87-48CF-A1C2-990FB0F2CB2C}.Debug|Any CPU.ActiveCfg = Debug|Any CPU
		{386E75D9-6D87-48CF-A1C2-990FB0F2CB2C}.Debug|Any CPU.Build.0 = Debug|Any CPU
		{386E75D9-6D87-48CF-A1C2-990FB0F2CB2C}.Debug|Any CPU.Deploy.0 = Debug|Any CPU
		{386E75D9-6D87-48CF-A1C2-990FB0F2CB2C}.Debug|iPhone.ActiveCfg = Debug|Any CPU
		{386E75D9-6D87-48CF-A1C2-990FB0F2CB2C}.Debug|iPhone.Build.0 = Debug|Any CPU
		{386E75D9-6D87-48CF-A1C2-990FB0F2CB2C}.Debug|iPhone.Deploy.0 = Debug|Any CPU
		{386E75D9-6D87-48CF-A1C2-990FB0F2CB2C}.Debug|iPhoneSimulator.ActiveCfg = Debug|Any CPU
		{386E75D9-6D87-48CF-A1C2-990FB0F2CB2C}.Debug|iPhoneSimulator.Build.0 = Debug|Any CPU
		{386E75D9-6D87-48CF-A1C2-990FB0F2CB2C}.Debug|iPhoneSimulator.Deploy.0 = Debug|Any CPU
		{386E75D9-6D87-48CF-A1C2-990FB0F2CB2C}.Release|Any CPU.ActiveCfg = Release|Any CPU
		{386E75D9-6D87-48CF-A1C2-990FB0F2CB2C}.Release|Any CPU.Build.0 = Release|Any CPU
		{386E75D9-6D87-48CF-A1C2-990FB0F2CB2C}.Release|Any CPU.Deploy.0 = Release|Any CPU
		{386E75D9-6D87-48CF-A1C2-990FB0F2CB2C}.Release|iPhone.ActiveCfg = Release|Any CPU
		{386E75D9-6D87-48CF-A1C2-990FB0F2CB2C}.Release|iPhone.Build.0 = Release|Any CPU
		{386E75D9-6D87-48CF-A1C2-990FB0F2CB2C}.Release|iPhone.Deploy.0 = Release|Any CPU
		{386E75D9-6D87-48CF-A1C2-990FB0F2CB2C}.Release|iPhoneSimulator.ActiveCfg = Release|Any CPU
		{386E75D9-6D87-48CF-A1C2-990FB0F2CB2C}.Release|iPhoneSimulator.Build.0 = Release|Any CPU
		{386E75D9-6D87-48CF-A1C2-990FB0F2CB2C}.Release|iPhoneSimulator.Deploy.0 = Release|Any CPU
		{D6EA998F-0933-4CE7-9C76-D1A4AAE0C273}.Ad-Hoc|Any CPU.ActiveCfg = Ad-Hoc|iPhone
		{D6EA998F-0933-4CE7-9C76-D1A4AAE0C273}.Ad-Hoc|Any CPU.Build.0 = Ad-Hoc|iPhone
		{D6EA998F-0933-4CE7-9C76-D1A4AAE0C273}.Ad-Hoc|Any CPU.Deploy.0 = Ad-Hoc|iPhone
		{D6EA998F-0933-4CE7-9C76-D1A4AAE0C273}.Ad-Hoc|iPhone.ActiveCfg = Ad-Hoc|iPhone
		{D6EA998F-0933-4CE7-9C76-D1A4AAE0C273}.Ad-Hoc|iPhone.Build.0 = Ad-Hoc|iPhone
		{D6EA998F-0933-4CE7-9C76-D1A4AAE0C273}.Ad-Hoc|iPhone.Deploy.0 = Ad-Hoc|iPhone
		{D6EA998F-0933-4CE7-9C76-D1A4AAE0C273}.Ad-Hoc|iPhoneSimulator.ActiveCfg = Ad-Hoc|iPhoneSimulator
		{D6EA998F-0933-4CE7-9C76-D1A4AAE0C273}.Ad-Hoc|iPhoneSimulator.Build.0 = Ad-Hoc|iPhoneSimulator
		{D6EA998F-0933-4CE7-9C76-D1A4AAE0C273}.Ad-Hoc|iPhoneSimulator.Deploy.0 = Ad-Hoc|iPhoneSimulator
		{D6EA998F-0933-4CE7-9C76-D1A4AAE0C273}.AppStore|Any CPU.ActiveCfg = AppStore|iPhone
		{D6EA998F-0933-4CE7-9C76-D1A4AAE0C273}.AppStore|Any CPU.Build.0 = AppStore|iPhone
		{D6EA998F-0933-4CE7-9C76-D1A4AAE0C273}.AppStore|Any CPU.Deploy.0 = AppStore|iPhone
		{D6EA998F-0933-4CE7-9C76-D1A4AAE0C273}.AppStore|iPhone.ActiveCfg = AppStore|iPhone
		{D6EA998F-0933-4CE7-9C76-D1A4AAE0C273}.AppStore|iPhone.Build.0 = AppStore|iPhone
		{D6EA998F-0933-4CE7-9C76-D1A4AAE0C273}.AppStore|iPhone.Deploy.0 = AppStore|iPhone
		{D6EA998F-0933-4CE7-9C76-D1A4AAE0C273}.AppStore|iPhoneSimulator.ActiveCfg = AppStore|iPhoneSimulator
		{D6EA998F-0933-4CE7-9C76-D1A4AAE0C273}.AppStore|iPhoneSimulator.Build.0 = AppStore|iPhoneSimulator
		{D6EA998F-0933-4CE7-9C76-D1A4AAE0C273}.AppStore|iPhoneSimulator.Deploy.0 = AppStore|iPhoneSimulator
		{D6EA998F-0933-4CE7-9C76-D1A4AAE0C273}.Debug|Any CPU.ActiveCfg = Debug|iPhoneSimulator
		{D6EA998F-0933-4CE7-9C76-D1A4AAE0C273}.Debug|Any CPU.Build.0 = Debug|iPhoneSimulator
		{D6EA998F-0933-4CE7-9C76-D1A4AAE0C273}.Debug|Any CPU.Deploy.0 = Debug|iPhoneSimulator
		{D6EA998F-0933-4CE7-9C76-D1A4AAE0C273}.Debug|iPhone.ActiveCfg = Debug|iPhone
		{D6EA998F-0933-4CE7-9C76-D1A4AAE0C273}.Debug|iPhone.Build.0 = Debug|iPhone
		{D6EA998F-0933-4CE7-9C76-D1A4AAE0C273}.Debug|iPhone.Deploy.0 = Debug|iPhone
		{D6EA998F-0933-4CE7-9C76-D1A4AAE0C273}.Debug|iPhoneSimulator.ActiveCfg = Debug|iPhoneSimulator
		{D6EA998F-0933-4CE7-9C76-D1A4AAE0C273}.Debug|iPhoneSimulator.Build.0 = Debug|iPhoneSimulator
		{D6EA998F-0933-4CE7-9C76-D1A4AAE0C273}.Debug|iPhoneSimulator.Deploy.0 = Debug|iPhoneSimulator
		{D6EA998F-0933-4CE7-9C76-D1A4AAE0C273}.Release|Any CPU.ActiveCfg = Release|iPhone
		{D6EA998F-0933-4CE7-9C76-D1A4AAE0C273}.Release|Any CPU.Build.0 = Release|iPhone
		{D6EA998F-0933-4CE7-9C76-D1A4AAE0C273}.Release|Any CPU.Deploy.0 = Release|iPhone
		{D6EA998F-0933-4CE7-9C76-D1A4AAE0C273}.Release|iPhone.ActiveCfg = Release|iPhone
		{D6EA998F-0933-4CE7-9C76-D1A4AAE0C273}.Release|iPhone.Build.0 = Release|iPhone
		{D6EA998F-0933-4CE7-9C76-D1A4AAE0C273}.Release|iPhone.Deploy.0 = Release|iPhone
		{D6EA998F-0933-4CE7-9C76-D1A4AAE0C273}.Release|iPhoneSimulator.ActiveCfg = Release|iPhoneSimulator
		{D6EA998F-0933-4CE7-9C76-D1A4AAE0C273}.Release|iPhoneSimulator.Build.0 = Release|iPhoneSimulator
		{D6EA998F-0933-4CE7-9C76-D1A4AAE0C273}.Release|iPhoneSimulator.Deploy.0 = Release|iPhoneSimulator
		{7799B961-14A8-4808-AC38-A2A83883CEC3}.Ad-Hoc|Any CPU.ActiveCfg = Debug|Any CPU
		{7799B961-14A8-4808-AC38-A2A83883CEC3}.Ad-Hoc|Any CPU.Build.0 = Debug|Any CPU
		{7799B961-14A8-4808-AC38-A2A83883CEC3}.Ad-Hoc|Any CPU.Deploy.0 = Debug|Any CPU
		{7799B961-14A8-4808-AC38-A2A83883CEC3}.Ad-Hoc|iPhone.ActiveCfg = Debug|Any CPU
		{7799B961-14A8-4808-AC38-A2A83883CEC3}.Ad-Hoc|iPhone.Build.0 = Debug|Any CPU
		{7799B961-14A8-4808-AC38-A2A83883CEC3}.Ad-Hoc|iPhone.Deploy.0 = Debug|Any CPU
		{7799B961-14A8-4808-AC38-A2A83883CEC3}.Ad-Hoc|iPhoneSimulator.ActiveCfg = Debug|Any CPU
		{7799B961-14A8-4808-AC38-A2A83883CEC3}.Ad-Hoc|iPhoneSimulator.Build.0 = Debug|Any CPU
		{7799B961-14A8-4808-AC38-A2A83883CEC3}.Ad-Hoc|iPhoneSimulator.Deploy.0 = Debug|Any CPU
		{7799B961-14A8-4808-AC38-A2A83883CEC3}.AppStore|Any CPU.ActiveCfg = Debug|Any CPU
		{7799B961-14A8-4808-AC38-A2A83883CEC3}.AppStore|Any CPU.Build.0 = Debug|Any CPU
		{7799B961-14A8-4808-AC38-A2A83883CEC3}.AppStore|Any CPU.Deploy.0 = Debug|Any CPU
		{7799B961-14A8-4808-AC38-A2A83883CEC3}.AppStore|iPhone.ActiveCfg = Debug|Any CPU
		{7799B961-14A8-4808-AC38-A2A83883CEC3}.AppStore|iPhone.Build.0 = Debug|Any CPU
		{7799B961-14A8-4808-AC38-A2A83883CEC3}.AppStore|iPhone.Deploy.0 = Debug|Any CPU
		{7799B961-14A8-4808-AC38-A2A83883CEC3}.AppStore|iPhoneSimulator.ActiveCfg = Debug|Any CPU
		{7799B961-14A8-4808-AC38-A2A83883CEC3}.AppStore|iPhoneSimulator.Build.0 = Debug|Any CPU
		{7799B961-14A8-4808-AC38-A2A83883CEC3}.AppStore|iPhoneSimulator.Deploy.0 = Debug|Any CPU
		{7799B961-14A8-4808-AC38-A2A83883CEC3}.Debug|Any CPU.ActiveCfg = Debug|Any CPU
		{7799B961-14A8-4808-AC38-A2A83883CEC3}.Debug|Any CPU.Build.0 = Debug|Any CPU
		{7799B961-14A8-4808-AC38-A2A83883CEC3}.Debug|Any CPU.Deploy.0 = Debug|Any CPU
		{7799B961-14A8-4808-AC38-A2A83883CEC3}.Debug|iPhone.ActiveCfg = Debug|Any CPU
		{7799B961-14A8-4808-AC38-A2A83883CEC3}.Debug|iPhone.Build.0 = Debug|Any CPU
		{7799B961-14A8-4808-AC38-A2A83883CEC3}.Debug|iPhone.Deploy.0 = Debug|Any CPU
		{7799B961-14A8-4808-AC38-A2A83883CEC3}.Debug|iPhoneSimulator.ActiveCfg = Debug|Any CPU
		{7799B961-14A8-4808-AC38-A2A83883CEC3}.Debug|iPhoneSimulator.Build.0 = Debug|Any CPU
		{7799B961-14A8-4808-AC38-A2A83883CEC3}.Debug|iPhoneSimulator.Deploy.0 = Debug|Any CPU
		{7799B961-14A8-4808-AC38-A2A83883CEC3}.Release|Any CPU.ActiveCfg = Release|Any CPU
		{7799B961-14A8-4808-AC38-A2A83883CEC3}.Release|Any CPU.Build.0 = Release|Any CPU
		{7799B961-14A8-4808-AC38-A2A83883CEC3}.Release|Any CPU.Deploy.0 = Release|Any CPU
		{7799B961-14A8-4808-AC38-A2A83883CEC3}.Release|iPhone.ActiveCfg = Release|Any CPU
		{7799B961-14A8-4808-AC38-A2A83883CEC3}.Release|iPhone.Build.0 = Release|Any CPU
		{7799B961-14A8-4808-AC38-A2A83883CEC3}.Release|iPhone.Deploy.0 = Release|Any CPU
		{7799B961-14A8-4808-AC38-A2A83883CEC3}.Release|iPhoneSimulator.ActiveCfg = Release|Any CPU
		{7799B961-14A8-4808-AC38-A2A83883CEC3}.Release|iPhoneSimulator.Build.0 = Release|Any CPU
		{7799B961-14A8-4808-AC38-A2A83883CEC3}.Release|iPhoneSimulator.Deploy.0 = Release|Any CPU
	EndGlobalSection
	GlobalSection(SolutionProperties) = preSolution
		HideSolutionNode = FALSE
	EndGlobalSection
	GlobalSection(ExtensibilityGlobals) = postSolution
		SolutionGuid = {18E6391D-DC76-4381-B03E-C6E8EEE8BC84}
	EndGlobalSection
EndGlobal
